// !$*UTF8*$!
{
	archiveVersion = 1;
	classes = {
	};
	objectVersion = 46;
	objects = {

/* Begin PBXBuildFile section */
		CB218A1E1E9A53FD00044D45 /* AppDelegate.swift in Sources */ = {isa = PBXBuildFile; fileRef = CB218A1D1E9A53FD00044D45 /* AppDelegate.swift */; };
		CB218A201E9A53FD00044D45 /* ViewController.swift in Sources */ = {isa = PBXBuildFile; fileRef = CB218A1F1E9A53FD00044D45 /* ViewController.swift */; };
		CB218A231E9A53FD00044D45 /* Main.storyboard in Resources */ = {isa = PBXBuildFile; fileRef = CB218A211E9A53FD00044D45 /* Main.storyboard */; };
		CB218A251E9A53FE00044D45 /* Assets.xcassets in Resources */ = {isa = PBXBuildFile; fileRef = CB218A241E9A53FE00044D45 /* Assets.xcassets */; };
		CB218A281E9A53FE00044D45 /* LaunchScreen.storyboard in Resources */ = {isa = PBXBuildFile; fileRef = CB218A261E9A53FE00044D45 /* LaunchScreen.storyboard */; };
/* End PBXBuildFile section */

/* Begin PBXFileReference section */
		CB218A1A1E9A53FD00044D45 /* SignUpAssgn.app */ = {isa = PBXFileReference; explicitFileType = wrapper.application; includeInIndex = 0; path = SignUpAssgn.app; sourceTree = BUILT_PRODUCTS_DIR; };
		CB218A1D1E9A53FD00044D45 /* AppDelegate.swift */ = {isa = PBXFileReference; lastKnownFileType = sourcecode.swift; path = AppDelegate.swift; sourceTree = "<group>"; };
		CB218A1F1E9A53FD00044D45 /* ViewController.swift */ = {isa = PBXFileReference; lastKnownFileType = sourcecode.swift; path = ViewController.swift; sourceTree = "<group>"; };
		CB218A221E9A53FD00044D45 /* Base */ = {isa = PBXFileReference; lastKnownFileType = file.storyboard; name = Base; path = Base.lproj/Main.storyboard; sourceTree = "<group>"; };
		CB218A241E9A53FE00044D45 /* Assets.xcassets */ = {isa = PBXFileReference; lastKnownFileType = folder.assetcatalog; path = Assets.xcassets; sourceTree = "<group>"; };
		CB218A271E9A53FE00044D45 /* Base */ = {isa = PBXFileReference; lastKnownFileType = file.storyboard; name = Base; path = Base.lproj/LaunchScreen.storyboard; sourceTree = "<group>"; };
		CB218A291E9A53FE00044D45 /* Info.plist */ = {isa = PBXFileReference; lastKnownFileType = text.plist.xml; path = Info.plist; sourceTree = "<group>"; };
/* End PBXFileReference section */

/* Begin PBXFrameworksBuildPhase section */
		CB218A171E9A53FD00044D45 /* Frameworks */ = {
			isa = PBXFrameworksBuildPhase;
			buildActionMask = 2147483647;
			files = (
			);
			runOnlyForDeploymentPostprocessing = 0;
		};
/* End PBXFrameworksBuildPhase section */

/* Begin PBXGroup section */
		CB218A111E9A53FD00044D45 = {
			isa = PBXGroup;
			children = (
				CB218A1C1E9A53FD00044D45 /* SignUpAssgn */,
				CB218A1B1E9A53FD00044D45 /* Products */,
			);
			sourceTree = "<group>";
		};
		CB218A1B1E9A53FD00044D45 /* Products */ = {
			isa = PBXGroup;
			children = (
				CB218A1A1E9A53FD00044D45 /* SignUpAssgn.app */,
			);
			name = Products;
			sourceTree = "<group>";
		};
		CB218A1C1E9A53FD00044D45 /* SignUpAssgn */ = {
			isa = PBXGroup;
			children = (
				CB218A1D1E9A53FD00044D45 /* AppDelegate.swift */,
				CB218A1F1E9A53FD00044D45 /* ViewController.swift */,
				CB218A211E9A53FD00044D45 /* Main.storyboard */,
				CB218A241E9A53FE00044D45 /* Assets.xcassets */,
				CB218A261E9A53FE00044D45 /* LaunchScreen.storyboard */,
				CB218A291E9A53FE00044D45 /* Info.plist */,
			);
			path = SignUpAssgn;
			sourceTree = "<group>";
		};
/* End PBXGroup section */

/* Begin PBXNativeTarget section */
		CB218A191E9A53FD00044D45 /* SignUpAssgn */ = {
			isa = PBXNativeTarget;
			buildConfigurationList = CB218A2C1E9A53FE00044D45 /* Build configuration list for PBXNativeTarget "SignUpAssgn" */;
			buildPhases = (
				CB218A161E9A53FD00044D45 /* Sources */,
				CB218A171E9A53FD00044D45 /* Frameworks */,
				CB218A181E9A53FD00044D45 /* Resources */,
			);
			buildRules = (
			);
			dependencies = (
			);
			name = SignUpAssgn;
			productName = SignUpAssgn;
			productReference = CB218A1A1E9A53FD00044D45 /* SignUpAssgn.app */;
			productType = "com.apple.product-type.application";
		};
/* End PBXNativeTarget section */

/* Begin PBXProject section */
		CB218A121E9A53FD00044D45 /* Project object */ = {
			isa = PBXProject;
			attributes = {
				LastSwiftUpdateCheck = 0820;
				LastUpgradeCheck = 0820;
				ORGANIZATIONNAME = Sayem;
				TargetAttributes = {
					CB218A191E9A53FD00044D45 = {
						CreatedOnToolsVersion = 8.2.1;
						ProvisioningStyle = Automatic;
					};
				};
			};
			buildConfigurationList = CB218A151E9A53FD00044D45 /* Build configuration list for PBXProject "SignUpAssgn" */;
			compatibilityVersion = "Xcode 3.2";
			developmentRegion = English;
			hasScannedForEncodings = 0;
			knownRegions = (
				en,
				Base,
			);
			mainGroup = CB218A111E9A53FD00044D45;
			productRefGroup = CB218A1B1E9A53FD00044D45 /* Products */;
			projectDirPath = "";
			projectRoot = "";
			targets = (
				CB218A191E9A53FD00044D45 /* SignUpAssgn */,
			);
		};
/* End PBXProject section */

/* Begin PBXResourcesBuildPhase section */
		CB218A181E9A53FD00044D45 /* Resources */ = {
			isa = PBXResourcesBuildPhase;
			buildActionMask = 2147483647;
			files = (
				CB218A281E9A53FE00044D45 /* LaunchScreen.storyboard in Resources */,
				CB218A251E9A53FE00044D45 /* Assets.xcassets in Resources */,
				CB218A231E9A53FD00044D45 /* Main.storyboard in Resources */,
			);
			runOnlyForDeploymentPostprocessing = 0;
		};
/* End PBXResourcesBuildPhase section */

/* Begin PBXSourcesBuildPhase section */
		CB218A161E9A53FD00044D45 /* Sources */ = {
			isa = PBXSourcesBuildPhase;
			buildActionMask = 2147483647;
			files = (
				CB218A201E9A53FD00044D45 /* ViewController.swift in Sources */,
				CB218A1E1E9A53FD00044D45 /* AppDelegate.swift in Sources */,
			);
			runOnlyForDeploymentPostprocessing = 0;
		};
/* End PBXSourcesBuildPhase section */

/* Begin PBXVariantGroup section */
		CB218A211E9A53FD00044D45 /* Main.storyboard */ = {
			isa = PBXVariantGroup;
			children = (
				CB218A221E9A53FD00044D45 /* Base */,
			);
			name = Main.storyboard;
			sourceTree = "<group>";
		};
		CB218A261E9A53FE00044D45 /* LaunchScreen.storyboard */ = {
			isa = PBXVariantGroup;
			children = (
				CB218A271E9A53FE00044D45 /* Base */,
			);
			name = LaunchScreen.storyboard;
			sourceTree = "<group>";
		};
/* End PBXVariantGroup section */

/* Begin XCBuildConfiguration section */
		CB218A2A1E9A53FE00044D45 /* Debug */ = {
			isa = XCBuildConfiguration;
			buildSettings = {
				ALWAYS_SEARCH_USER_PATHS = NO;
				CLANG_ANALYZER_NONNULL = YES;
				CLANG_CXX_LANGUAGE_STANDARD = "gnu++0x";
				CLANG_CXX_LIBRARY = "libc++";
				CLANG_ENABLE_MODULES = YES;
				CLANG_ENABLE_OBJC_ARC = YES;
				CLANG_WARN_BOOL_CONVERSION = YES;
				CLANG_WARN_CONSTANT_CONVERSION = YES;
				CLANG_WARN_DIRECT_OBJC_ISA_USAGE = YES_ERROR;
				CLANG_WARN_DOCUMENTATION_COMMENTS = YES;
				CLANG_WARN_EMPTY_BODY = YES;
				CLANG_WARN_ENUM_CONVERSION = YES;
				CLANG_WARN_INFINITE_RECURSION = YES;
				CLANG_WARN_INT_CONVERSION = YES;
				CLANG_WARN_OBJC_ROOT_CLASS = YES_ERROR;
				CLANG_WARN_SUSPICIOUS_MOVE = YES;
				CLANG_WARN_UNREACHABLE_CODE = YES;
				CLANG_WARN__DUPLICATE_METHOD_MATCH = YES;
				"CODE_SIGN_IDENTITY[sdk=iphoneos*]" = "iPhone Developer";
				COPY_PHASE_STRIP = NO;
				DEBUG_INFORMATION_FORMAT = dwarf;
				ENABLE_STRICT_OBJC_MSGSEND = YES;
				ENABLE_TESTABILITY = YES;
				GCC_C_LANGUAGE_STANDARD = gnu99;
				GCC_DYNAMIC_NO_PIC = NO;
				GCC_NO_COMMON_BLOCKS = YES;
				GCC_OPTIMIZATION_LEVEL = 0;
				GCC_PREPROCESSOR_DEFINITIONS = (
					"DEBUG=1",
					"$(inherited)",
				);
				GCC_WARN_64_TO_32_BIT_CONVERSION = YES;
				GCC_WARN_ABOUT_RETURN_TYPE = YES_ERROR;
				GCC_WARN_UNDECLARED_SELECTOR = YES;
				GCC_WARN_UNINITIALIZED_AUTOS = YES_AGGRESSIVE;
				GCC_WARN_UNUSED_FUNCTION = YES;
				GCC_WARN_UNUSED_VARIABLE = YES;
				IPHONEOS_DEPLOYMENT_TARGET = 10.2;
				MTL_ENABLE_DEBUG_INFO = YES;
				ONLY_ACTIVE_ARCH = YES;
				SDKROOT = iphoneos;
				SWIFT_ACTIVE_COMPILATION_CONDITIONS = DEBUG;
				SWIFT_OPTIMIZATION_LEVEL = "-Onone";
			};
			name = Debug;
		};
		CB218A2B1E9A53FE00044D45 /* Release */ = {
			isa = XCBuildConfiguration;
			buildSettings = {
				ALWAYS_SEARCH_USER_PATHS = NO;
				CLANG_ANALYZER_NONNULL = YES;
				CLANG_CXX_LANGUAGE_STANDARD = "gnu++0x";
				CLANG_CXX_LIBRARY = "libc++";
				CLANG_ENABLE_MODULES = YES;
				CLANG_ENABLE_OBJC_ARC = YES;
				CLANG_WARN_BOOL_CONVERSION = YES;
				CLANG_WARN_CONSTANT_CONVERSION = YES;
				CLANG_WARN_DIRECT_OBJC_ISA_USAGE = YES_ERROR;
				CLANG_WARN_DOCUMENTATION_COMMENTS = YES;
				CLANG_WARN_EMPTY_BODY = YES;
				CLANG_WARN_ENUM_CONVERSION = YES;
				CLANG_WARN_INFINITE_RECURSION = YES;
				CLANG_WARN_INT_CONVERSION = YES;
				CLANG_WARN_OBJC_ROOT_CLASS = YES_ERROR;
				CLANG_WARN_SUSPICIOUS_MOVE = YES;
				CLANG_WARN_UNREACHABLE_CODE = YES;
				CLANG_WARN__DUPLICATE_METHOD_MATCH = YES;
				"CODE_SIGN_IDENTITY[sdk=iphoneos*]" = "iPhone Developer";
				COPY_PHASE_STRIP = NO;
				DEBUG_INFORMATION_FORMAT = "dwarf-with-dsym";
				ENABLE_NS_ASSERTIONS = NO;
				ENABLE_STRICT_OBJC_MSGSEND = YES;
				GCC_C_LANGUAGE_STANDARD = gnu99;
				GCC_NO_COMMON_BLOCKS = YES;
				GCC_WARN_64_TO_32_BIT_CONVERSION = YES;
				GCC_WARN_ABOUT_RETURN_TYPE = YES_ERROR;
				GCC_WARN_UNDECLARED_SELECTOR = YES;
				GCC_WARN_UNINITIALIZED_AUTOS = YES_AGGRESSIVE;
				GCC_WARN_UNUSED_FUNCTION = YES;
				GCC_WARN_UNUSED_VARIABLE = YES;
				IPHONEOS_DEPLOYMENT_TARGET = 10.2;
				MTL_ENABLE_DEBUG_INFO = NO;
				SDKROOT = iphoneos;
				SWIFT_OPTIMIZATION_LEVEL = "-Owholemodule";
				VALIDATE_PRODUCT = YES;
			};
			name = Release;
		};
		CB218A2D1E9A53FE00044D45 /* Debug */ = {
			isa = XCBuildConfiguration;
			buildSettings = {
				ASSETCATALOG_COMPILER_APPICON_NAME = AppIcon;
				INFOPLIST_FILE = SignUpAssgn/Info.plist;
				LD_RUNPATH_SEARCH_PATHS = "$(inherited) @executable_path/Frameworks";
				PRODUCT_BUNDLE_IDENTIFIER = com.sam43.SignUpAssgn;
				PRODUCT_NAME = "$(TARGET_NAME)";
				SWIFT_VERSION = 3.0;
			};
			name = Debug;
		};
		CB218A2E1E9A53FE00044D45 /* Release */ = {
			isa = XCBuildConfiguration;
			buildSettings = {
				ASSETCATALOG_COMPILER_APPICON_NAME = AppIcon;
				INFOPLIST_FILE = SignUpAssgn/Info.plist;
				LD_RUNPATH_SEARCH_PATHS = "$(inherited) @executable_path/Frameworks";
				PRODUCT_BUNDLE_IDENTIFIER = com.sam43.SignUpAssgn;
				PRODUCT_NAME = "$(TARGET_NAME)";
				SWIFT_VERSION = 3.0;
			};
			name = Release;
		};
/* End XCBuildConfiguration section */

/* Begin XCConfigurationList section */
		CB218A151E9A53FD00044D45 /* Build configuration list for PBXProject "SignUpAssgn" */ = {
			isa = XCConfigurationList;
			buildConfigurations = (
				CB218A2A1E9A53FE00044D45 /* Debug */,
				CB218A2B1E9A53FE00044D45 /* Release */,
			);
			defaultConfigurationIsVisible = 0;
			defaultConfigurationName = Release;
		};
		CB218A2C1E9A53FE00044D45 /* Build configuration list for PBXNativeTarget "SignUpAssgn" */ = {
			isa = XCConfigurationList;
			buildConfigurations = (
				CB218A2D1E9A53FE00044D45 /* Debug */,
				CB218A2E1E9A53FE00044D45 /* Release */,
			);
			defaultConfigurationIsVisible = 0;
		};
/* End XCConfigurationList section */
	};
	rootObject = CB218A121E9A53FD00044D45 /* Project object */;
}
